
Microsoft Visual Studio Solution File, Format Version 12.00
# Visual Studio Version 16
VisualStudioVersion = 16.0.30406.217
MinimumVisualStudioVersion = 10.0.40219.1
Project("{9A19103F-16F7-4668-BE54-9A1E7A4F7556}") = "ECSApp", "ECSApp\ECSApp.csproj", "{386548E6-9E7D-44A2-96E5-A5252EA7126D}"
EndProject
Project("{FAE04EC0-301F-11D3-BF4B-00C04F79EFBC}") = "ECSEngine", "ECSEngine\ECSEngine.csproj", "{BDEFE4D4-3411-4A8F-AD52-D36EBB559F24}"
EndProject
Global
	GlobalSection(SolutionConfigurationPlatforms) = preSolution
		Debug|Any CPU = Debug|Any CPU
		Release|Any CPU = Release|Any CPU
	EndGlobalSection
	GlobalSection(ProjectConfigurationPlatforms) = postSolution
		{386548E6-9E7D-44A2-96E5-A5252EA7126D}.Debug|Any CPU.ActiveCfg = Debug|Any CPU
		{386548E6-9E7D-44A2-96E5-A5252EA7126D}.Debug|Any CPU.Build.0 = Debug|Any CPU
		{386548E6-9E7D-44A2-96E5-A5252EA7126D}.Release|Any CPU.ActiveCfg = Release|Any CPU
		{386548E6-9E7D-44A2-96E5-A5252EA7126D}.Release|Any CPU.Build.0 = Release|Any CPU
		{BDEFE4D4-3411-4A8F-AD52-D36EBB559F24}.Debug|Any CPU.ActiveCfg = Debug|Any CPU
		{BDEFE4D4-3411-4A8F-AD52-D36EBB559F24}.Debug|Any CPU.Build.0 = Debug|Any CPU
		{BDEFE4D4-3411-4A8F-AD52-D36EBB559F24}.Release|Any CPU.ActiveCfg = Release|Any CPU
		{BDEFE4D4-3411-4A8F-AD52-D36EBB559F24}.Release|Any CPU.Build.0 = Release|Any CPU
	EndGlobalSection
	GlobalSection(SolutionProperties) = preSolution
		HideSolutionNode = FALSE
	EndGlobalSection
	GlobalSection(ExtensibilityGlobals) = postSolution
		SolutionGuid = {6EAE073D-A017-4DAF-A141-A7B332C22033}
	EndGlobalSection
EndGlobal
